{
    "format_version": "1.2",
    "terraform_version": "1.9.4",
    "variables": {
        "ami": {
            "value": "ami-020916b60b78f7108"
        },
        "app-port": {
            "value": 8080
        },
        "dev-users": {
            "value": [
                "iroshan",
                "akalanka",
                "thuji"
            ]
        },
        "env": {
            "value": "dev"
        },
        "instance_properties": {
            "value": [
                "var.ami",
                "t2.micro"
            ]
        },
        "instance_type": {
            "value": "t2.micro"
        },
        "instance_types_regions_list": {
            "value": [
                "t3.micro",
                "t3.small",
                "c2.medium"
            ]
        },
        "instance_types_regions_map": {
            "value": {
                "ap-south-1": "t3.small",
                "ap-southeast-1": "m5.large",
                "eu-west-2": "c2.medium",
                "us-east-1": "t3.micro",
                "us-west-1": "t3.small"
            }
        },
        "public-subnet-1": {
            "value": "172.20.192.0/24"
        },
        "region": {
            "value": "ap-south-1"
        },
        "region_list": {
            "value": [
                "ap-south-1a",
                "ap-south-1b"
            ]
        },
        "sg_ports_vpc": {
            "value": [
                22,
                443,
                8080,
                8443
            ]
        },
        "tags": {
            "value": {
                "Environment": "Development"
            }
        },
        "token": {
            "value": "GITHUB_TOKEN"
        },
        "vpc-ip": {
            "value": "172.20.192.0/22"
        }
    },
    "planned_values": {
        "outputs": {
            "ami": {
                "sensitive": false,
                "type": "string",
                "value": "ami-020916b60b78f7108"
            },
            "app-port": {
                "sensitive": false,
                "type": "number",
                "value": 8080
            },
            "dev-user-name": {
                "sensitive": false
            },
            "ds_aws_ami": {
                "sensitive": false,
                "type": "string",
                "value": "ami-06b7b59d0845e22d8"
            },
            "ds_file": {
                "sensitive": false,
                "type": "string",
                "value": "This is a test file."
            },
            "ds_iam_user": {
                "sensitive": false,
                "type": "string",
                "value": "arn:aws:iam::541525838917:user/user-iroshan"
            },
            "ds_vpc": {
                "sensitive": false,
                "type": "string",
                "value": "172.31.0.0/16"
            },
            "env": {
                "sensitive": false,
                "type": "string",
                "value": "dev"
            },
            "instance_properties": {
                "sensitive": false,
                "type": [
                    "tuple",
                    [
                        "string",
                        "string"
                    ]
                ],
                "value": [
                    "var.ami",
                    "t2.micro"
                ]
            },
            "instance_types_regions_list": {
                "sensitive": false,
                "type": [
                    "list",
                    "string"
                ],
                "value": [
                    "t3.micro",
                    "t3.small",
                    "c2.medium"
                ]
            },
            "instance_types_regions_map": {
                "sensitive": false,
                "type": [
                    "map",
                    "string"
                ],
                "value": {
                    "ap-south-1": "t3.small",
                    "ap-southeast-1": "m5.large",
                    "eu-west-2": "c2.medium",
                    "us-east-1": "t3.micro",
                    "us-west-1": "t3.small"
                }
            },
            "public-subnet-1": {
                "sensitive": false,
                "type": "string",
                "value": "172.20.192.0/24"
            },
            "region": {
                "sensitive": false,
                "type": "string",
                "value": "ap-south-1"
            }
        },
        "root_module": {
            "resources": [
                {
                    "address": "aws_iam_user.dev-user-id[0]",
                    "mode": "managed",
                    "type": "aws_iam_user",
                    "name": "dev-user-id",
                    "index": 0,
                    "provider_name": "registry.terraform.io/hashicorp/aws",
                    "schema_version": 0,
                    "values": {
                        "force_destroy": false,
                        "name": "iroshan",
                        "path": "/",
                        "permissions_boundary": null,
                        "tags": {
                            "Environment": "Development"
                        },
                        "tags_all": {
                            "Environment": "Development"
                        }
                    },
                    "sensitive_values": {
                        "tags": {},
                        "tags_all": {}
                    }
                },
                {
                    "address": "aws_iam_user.dev-user-id[1]",
                    "mode": "managed",
                    "type": "aws_iam_user",
                    "name": "dev-user-id",
                    "index": 1,
                    "provider_name": "registry.terraform.io/hashicorp/aws",
                    "schema_version": 0,
                    "values": {
                        "force_destroy": false,
                        "name": "akalanka",
                        "path": "/",
                        "permissions_boundary": null,
                        "tags": {
                            "Environment": "Development"
                        },
                        "tags_all": {
                            "Environment": "Development"
                        }
                    },
                    "sensitive_values": {
                        "tags": {},
                        "tags_all": {}
                    }
                },
                {
                    "address": "aws_iam_user.dev-user-id[2]",
                    "mode": "managed",
                    "type": "aws_iam_user",
                    "name": "dev-user-id",
                    "index": 2,
                    "provider_name": "registry.terraform.io/hashicorp/aws",
                    "schema_version": 0,
                    "values": {
                        "force_destroy": false,
                        "name": "thuji",
                        "path": "/",
                        "permissions_boundary": null,
                        "tags": {
                            "Environment": "Development"
                        },
                        "tags_all": {
                            "Environment": "Development"
                        }
                    },
                    "sensitive_values": {
                        "tags": {},
                        "tags_all": {}
                    }
                },
                {
                    "address": "aws_iam_user.dev-user-name[0]",
                    "mode": "managed",
                    "type": "aws_iam_user",
                    "name": "dev-user-name",
                    "index": 0,
                    "provider_name": "registry.terraform.io/hashicorp/aws",
                    "schema_version": 0,
                    "values": {
                        "force_destroy": false,
                        "name": "dev-user-iroshan",
                        "path": "/",
                        "permissions_boundary": null,
                        "tags": {
                            "Environment": "Development",
                            "Service": "service_name",
                            "Team": "SRE"
                        },
                        "tags_all": {
                            "Environment": "Development",
                            "Service": "service_name",
                            "Team": "SRE"
                        }
                    },
                    "sensitive_values": {
                        "tags": {},
                        "tags_all": {}
                    }
                },
                {
                    "address": "aws_iam_user.dev-user-name[1]",
                    "mode": "managed",
                    "type": "aws_iam_user",
                    "name": "dev-user-name",
                    "index": 1,
                    "provider_name": "registry.terraform.io/hashicorp/aws",
                    "schema_version": 0,
                    "values": {
                        "force_destroy": false,
                        "name": "dev-user-akalanka",
                        "path": "/",
                        "permissions_boundary": null,
                        "tags": {
                            "Environment": "Development",
                            "Service": "service_name",
                            "Team": "SRE"
                        },
                        "tags_all": {
                            "Environment": "Development",
                            "Service": "service_name",
                            "Team": "SRE"
                        }
                    },
                    "sensitive_values": {
                        "tags": {},
                        "tags_all": {}
                    }
                },
                {
                    "address": "aws_iam_user.dev-user-name[2]",
                    "mode": "managed",
                    "type": "aws_iam_user",
                    "name": "dev-user-name",
                    "index": 2,
                    "provider_name": "registry.terraform.io/hashicorp/aws",
                    "schema_version": 0,
                    "values": {
                        "force_destroy": false,
                        "name": "dev-user-thuji",
                        "path": "/",
                        "permissions_boundary": null,
                        "tags": {
                            "Environment": "Development",
                            "Service": "service_name",
                            "Team": "SRE"
                        },
                        "tags_all": {
                            "Environment": "Development",
                            "Service": "service_name",
                            "Team": "SRE"
                        }
                    },
                    "sensitive_values": {
                        "tags": {},
                        "tags_all": {}
                    }
                },
                {
                    "address": "aws_iam_user.payments-user[0]",
                    "mode": "managed",
                    "type": "aws_iam_user",
                    "name": "payments-user",
                    "index": 0,
                    "provider_name": "registry.terraform.io/hashicorp/aws",
                    "schema_version": 0,
                    "values": {
                        "force_destroy": false,
                        "name": "payments-user-0",
                        "path": "/",
                        "permissions_boundary": null,
                        "tags": null
                    },
                    "sensitive_values": {
                        "tags_all": {}
                    }
                },
                {
                    "address": "aws_iam_user.payments-user[1]",
                    "mode": "managed",
                    "type": "aws_iam_user",
                    "name": "payments-user",
                    "index": 1,
                    "provider_name": "registry.terraform.io/hashicorp/aws",
                    "schema_version": 0,
                    "values": {
                        "force_destroy": false,
                        "name": "payments-user-1",
                        "path": "/",
                        "permissions_boundary": null,
                        "tags": null
                    },
                    "sensitive_values": {
                        "tags_all": {}
                    }
                },
                {
                    "address": "aws_iam_user.payments-user[2]",
                    "mode": "managed",
                    "type": "aws_iam_user",
                    "name": "payments-user",
                    "index": 2,
                    "provider_name": "registry.terraform.io/hashicorp/aws",
                    "schema_version": 0,
                    "values": {
                        "force_destroy": false,
                        "name": "payments-user-2",
                        "path": "/",
                        "permissions_boundary": null,
                        "tags": null
                    },
                    "sensitive_values": {
                        "tags_all": {}
                    }
                },
                {
                    "address": "aws_iam_user_policy.dev-user-2[0]",
                    "mode": "managed",
                    "type": "aws_iam_user_policy",
                    "name": "dev-user-2",
                    "index": 0,
                    "provider_name": "registry.terraform.io/hashicorp/aws",
                    "schema_version": 0,
                    "values": {
                        "name": "dev-user-policy-2",
                        "policy": "{\"Version\":\"2012-10-17\",\"Statement\":[{\"Action\":\"*\",\"Effect\":\"Denied\",\"Resource\":\"*\"},{\"Action\":\"*\",\"Condition\":{\"StringEquals\":{\"iam:role-name\":[\"Role-name-aws\"]}},\"Effect\":\"Allow\",\"Resource\":\"*\"}]}",
                        "user": "dev-user-iroshan"
                    },
                    "sensitive_values": {}
                },
                {
                    "address": "aws_iam_user_policy.dev-user-2[1]",
                    "mode": "managed",
                    "type": "aws_iam_user_policy",
                    "name": "dev-user-2",
                    "index": 1,
                    "provider_name": "registry.terraform.io/hashicorp/aws",
                    "schema_version": 0,
                    "values": {
                        "name": "dev-user-policy-2",
                        "policy": "{\"Version\":\"2012-10-17\",\"Statement\":[{\"Action\":\"*\",\"Effect\":\"Denied\",\"Resource\":\"*\"},{\"Action\":\"*\",\"Condition\":{\"StringEquals\":{\"iam:role-name\":[\"Role-name-aws\"]}},\"Effect\":\"Allow\",\"Resource\":\"*\"}]}",
                        "user": "dev-user-akalanka"
                    },
                    "sensitive_values": {}
                },
                {
                    "address": "aws_iam_user_policy.dev-user-2[2]",
                    "mode": "managed",
                    "type": "aws_iam_user_policy",
                    "name": "dev-user-2",
                    "index": 2,
                    "provider_name": "registry.terraform.io/hashicorp/aws",
                    "schema_version": 0,
                    "values": {
                        "name": "dev-user-policy-2",
                        "policy": "{\"Version\":\"2012-10-17\",\"Statement\":[{\"Action\":\"*\",\"Effect\":\"Denied\",\"Resource\":\"*\"},{\"Action\":\"*\",\"Condition\":{\"StringEquals\":{\"iam:role-name\":[\"Role-name-aws\"]}},\"Effect\":\"Allow\",\"Resource\":\"*\"}]}",
                        "user": "dev-user-thuji"
                    },
                    "sensitive_values": {}
                },
                {
                    "address": "aws_iam_user_policy.dev-user[0]",
                    "mode": "managed",
                    "type": "aws_iam_user_policy",
                    "name": "dev-user",
                    "index": 0,
                    "provider_name": "registry.terraform.io/hashicorp/aws",
                    "schema_version": 0,
                    "values": {
                        "name": "dev-user-policy",
                        "policy": "{\"Version\":\"2012-10-17\",\"Statement\":[{\"Action\":\"*\",\"Effect\":\"Denied\",\"Resource\":\"*\"},{\"Action\":\"*\",\"Condition\":{\"StringEquals\":{\"iam:role-name\":[\"Role-name-aws\"]}},\"Effect\":\"Allow\",\"Resource\":\"*\"}]}",
                        "user": "iroshan"
                    },
                    "sensitive_values": {}
                },
                {
                    "address": "aws_iam_user_policy.dev-user[1]",
                    "mode": "managed",
                    "type": "aws_iam_user_policy",
                    "name": "dev-user",
                    "index": 1,
                    "provider_name": "registry.terraform.io/hashicorp/aws",
                    "schema_version": 0,
                    "values": {
                        "name": "dev-user-policy",
                        "policy": "{\"Version\":\"2012-10-17\",\"Statement\":[{\"Action\":\"*\",\"Effect\":\"Denied\",\"Resource\":\"*\"},{\"Action\":\"*\",\"Condition\":{\"StringEquals\":{\"iam:role-name\":[\"Role-name-aws\"]}},\"Effect\":\"Allow\",\"Resource\":\"*\"}]}",
                        "user": "akalanka"
                    },
                    "sensitive_values": {}
                },
                {
                    "address": "aws_iam_user_policy.dev-user[2]",
                    "mode": "managed",
                    "type": "aws_iam_user_policy",
                    "name": "dev-user",
                    "index": 2,
                    "provider_name": "registry.terraform.io/hashicorp/aws",
                    "schema_version": 0,
                    "values": {
                        "name": "dev-user-policy",
                        "policy": "{\"Version\":\"2012-10-17\",\"Statement\":[{\"Action\":\"*\",\"Effect\":\"Denied\",\"Resource\":\"*\"},{\"Action\":\"*\",\"Condition\":{\"StringEquals\":{\"iam:role-name\":[\"Role-name-aws\"]}},\"Effect\":\"Allow\",\"Resource\":\"*\"}]}",
                        "user": "thuji"
                    },
                    "sensitive_values": {}
                },
                {
                    "address": "aws_security_group.rules_within_vpc",
                    "mode": "managed",
                    "type": "aws_security_group",
                    "name": "rules_within_vpc",
                    "provider_name": "registry.terraform.io/hashicorp/aws",
                    "schema_version": 1,
                    "values": {
                        "description": "managed security group from terraform",
                        "egress": [
                            {
                                "cidr_blocks": [
                                    "0.0.0.0/0"
                                ],
                                "description": "allow_any",
                                "from_port": -1,
                                "ipv6_cidr_blocks": [],
                                "prefix_list_ids": [],
                                "protocol": "-1",
                                "security_groups": [],
                                "self": false,
                                "to_port": -1
                            }
                        ],
                        "ingress": [
                            {
                                "cidr_blocks": [
                                    "172.20.192.0/24"
                                ],
                                "description": "",
                                "from_port": 22,
                                "ipv6_cidr_blocks": [],
                                "prefix_list_ids": [],
                                "protocol": "tcp",
                                "security_groups": [],
                                "self": false,
                                "to_port": 22
                            },
                            {
                                "cidr_blocks": [
                                    "172.20.192.0/24"
                                ],
                                "description": "",
                                "from_port": 443,
                                "ipv6_cidr_blocks": [],
                                "prefix_list_ids": [],
                                "protocol": "tcp",
                                "security_groups": [],
                                "self": false,
                                "to_port": 443
                            },
                            {
                                "cidr_blocks": [
                                    "172.20.192.0/24"
                                ],
                                "description": "",
                                "from_port": 8080,
                                "ipv6_cidr_blocks": [],
                                "prefix_list_ids": [],
                                "protocol": "tcp",
                                "security_groups": [],
                                "self": false,
                                "to_port": 8080
                            },
                            {
                                "cidr_blocks": [
                                    "172.20.192.0/24"
                                ],
                                "description": "",
                                "from_port": 8443,
                                "ipv6_cidr_blocks": [],
                                "prefix_list_ids": [],
                                "protocol": "tcp",
                                "security_groups": [],
                                "self": false,
                                "to_port": 8443
                            }
                        ],
                        "name": "terraform-sg",
                        "revoke_rules_on_delete": false,
                        "tags": {
                            "Name": "terraform-sg"
                        },
                        "tags_all": {
                            "Name": "terraform-sg"
                        },
                        "timeouts": null
                    },
                    "sensitive_values": {
                        "egress": [
                            {
                                "cidr_blocks": [
                                    false
                                ],
                                "ipv6_cidr_blocks": [],
                                "prefix_list_ids": [],
                                "security_groups": []
                            }
                        ],
                        "ingress": [
                            {
                                "cidr_blocks": [
                                    false
                                ],
                                "ipv6_cidr_blocks": [],
                                "prefix_list_ids": [],
                                "security_groups": []
                            },
                            {
                                "cidr_blocks": [
                                    false
                                ],
                                "ipv6_cidr_blocks": [],
                                "prefix_list_ids": [],
                                "security_groups": []
                            },
                            {
                                "cidr_blocks": [
                                    false
                                ],
                                "ipv6_cidr_blocks": [],
                                "prefix_list_ids": [],
                                "security_groups": []
                            },
                            {
                                "cidr_blocks": [
                                    false
                                ],
                                "ipv6_cidr_blocks": [],
                                "prefix_list_ids": [],
                                "security_groups": []
                            }
                        ],
                        "tags": {},
                        "tags_all": {}
                    }
                },
                {
                    "address": "aws_security_group.terraform-sg",
                    "mode": "managed",
                    "type": "aws_security_group",
                    "name": "terraform-sg",
                    "provider_name": "registry.terraform.io/hashicorp/aws",
                    "schema_version": 1,
                    "values": {
                        "description": "managed security group from terraform",
                        "egress": [
                            {
                                "cidr_blocks": [
                                    "0.0.0.0/0"
                                ],
                                "description": "allow_any",
                                "from_port": -1,
                                "ipv6_cidr_blocks": [],
                                "prefix_list_ids": [],
                                "protocol": "-1",
                                "security_groups": [],
                                "self": false,
                                "to_port": -1
                            }
                        ],
                        "ingress": [
                            {
                                "cidr_blocks": [
                                    "172.20.192.0/24"
                                ],
                                "description": "allow-app",
                                "from_port": 8080,
                                "ipv6_cidr_blocks": [],
                                "prefix_list_ids": [],
                                "protocol": "tcp",
                                "security_groups": [],
                                "self": false,
                                "to_port": 8080
                            },
                            {
                                "cidr_blocks": [
                                    "172.20.192.0/24"
                                ],
                                "description": "allow-https",
                                "from_port": 443,
                                "ipv6_cidr_blocks": [],
                                "prefix_list_ids": [],
                                "protocol": "tcp",
                                "security_groups": [],
                                "self": false,
                                "to_port": 443
                            },
                            {
                                "cidr_blocks": [
                                    "172.20.192.0/24"
                                ],
                                "description": "allow-secret-app",
                                "from_port": 8443,
                                "ipv6_cidr_blocks": [],
                                "prefix_list_ids": [],
                                "protocol": "tcp",
                                "security_groups": [],
                                "self": false,
                                "to_port": 8443
                            },
                            {
                                "cidr_blocks": [
                                    "172.20.192.0/24"
                                ],
                                "description": "allow-ssh",
                                "from_port": 22,
                                "ipv6_cidr_blocks": [],
                                "prefix_list_ids": [],
                                "protocol": "tcp",
                                "security_groups": [],
                                "self": false,
                                "to_port": 22
                            }
                        ],
                        "name": "terraform-sg",
                        "revoke_rules_on_delete": false,
                        "tags": {
                            "Name": "terraform-sg"
                        },
                        "tags_all": {
                            "Name": "terraform-sg"
                        },
                        "timeouts": null
                    },
                    "sensitive_values": {
                        "egress": [
                            {
                                "cidr_blocks": [
                                    false
                                ],
                                "ipv6_cidr_blocks": [],
                                "prefix_list_ids": [],
                                "security_groups": []
                            }
                        ],
                        "ingress": [
                            {
                                "cidr_blocks": [
                                    false
                                ],
                                "ipv6_cidr_blocks": [],
                                "prefix_list_ids": [],
                                "security_groups": []
                            },
                            {
                                "cidr_blocks": [
                                    false
                                ],
                                "ipv6_cidr_blocks": [],
                                "prefix_list_ids": [],
                                "security_groups": []
                            },
                            {
                                "cidr_blocks": [
                                    false
                                ],
                                "ipv6_cidr_blocks": [],
                                "prefix_list_ids": [],
                                "security_groups": []
                            },
                            {
                                "cidr_blocks": [
                                    false
                                ],
                                "ipv6_cidr_blocks": [],
                                "prefix_list_ids": [],
                                "security_groups": []
                            }
                        ],
                        "tags": {},
                        "tags_all": {}
                    }
                },
                {
                    "address": "local_file.file_text",
                    "mode": "managed",
                    "type": "local_file",
                    "name": "file_text",
                    "provider_name": "registry.terraform.io/hashicorp/local",
                    "schema_version": 0,
                    "values": {
                        "content": "Iroshan",
                        "content_base64": null,
                        "directory_permission": "0777",
                        "file_permission": "0777",
                        "filename": "./files/sample.txt",
                        "sensitive_content": null,
                        "source": null
                    },
                    "sensitive_values": {
                        "sensitive_content": true
                    }
                }
            ]
        }
    },
    "resource_changes": [
        {
            "address": "aws_iam_user.dev-user-id[0]",
            "mode": "managed",
            "type": "aws_iam_user",
            "name": "dev-user-id",
            "index": 0,
            "provider_name": "registry.terraform.io/hashicorp/aws",
            "change": {
                "actions": [
                    "create"
                ],
                "before": null,
                "after": {
                    "force_destroy": false,
                    "name": "iroshan",
                    "path": "/",
                    "permissions_boundary": null,
                    "tags": {
                        "Environment": "Development"
                    },
                    "tags_all": {
                        "Environment": "Development"
                    }
                },
                "after_unknown": {
                    "arn": true,
                    "id": true,
                    "tags": {},
                    "tags_all": {},
                    "unique_id": true
                },
                "before_sensitive": false,
                "after_sensitive": {
                    "tags": {},
                    "tags_all": {}
                }
            }
        },
        {
            "address": "aws_iam_user.dev-user-id[1]",
            "mode": "managed",
            "type": "aws_iam_user",
            "name": "dev-user-id",
            "index": 1,
            "provider_name": "registry.terraform.io/hashicorp/aws",
            "change": {
                "actions": [
                    "create"
                ],
                "before": null,
                "after": {
                    "force_destroy": false,
                    "name": "akalanka",
                    "path": "/",
                    "permissions_boundary": null,
                    "tags": {
                        "Environment": "Development"
                    },
                    "tags_all": {
                        "Environment": "Development"
                    }
                },
                "after_unknown": {
                    "arn": true,
                    "id": true,
                    "tags": {},
                    "tags_all": {},
                    "unique_id": true
                },
                "before_sensitive": false,
                "after_sensitive": {
                    "tags": {},
                    "tags_all": {}
                }
            }
        },
        {
            "address": "aws_iam_user.dev-user-id[2]",
            "mode": "managed",
            "type": "aws_iam_user",
            "name": "dev-user-id",
            "index": 2,
            "provider_name": "registry.terraform.io/hashicorp/aws",
            "change": {
                "actions": [
                    "create"
                ],
                "before": null,
                "after": {
                    "force_destroy": false,
                    "name": "thuji",
                    "path": "/",
                    "permissions_boundary": null,
                    "tags": {
                        "Environment": "Development"
                    },
                    "tags_all": {
                        "Environment": "Development"
                    }
                },
                "after_unknown": {
                    "arn": true,
                    "id": true,
                    "tags": {},
                    "tags_all": {},
                    "unique_id": true
                },
                "before_sensitive": false,
                "after_sensitive": {
                    "tags": {},
                    "tags_all": {}
                }
            }
        },
        {
            "address": "aws_iam_user.dev-user-name[0]",
            "mode": "managed",
            "type": "aws_iam_user",
            "name": "dev-user-name",
            "index": 0,
            "provider_name": "registry.terraform.io/hashicorp/aws",
            "change": {
                "actions": [
                    "create"
                ],
                "before": null,
                "after": {
                    "force_destroy": false,
                    "name": "dev-user-iroshan",
                    "path": "/",
                    "permissions_boundary": null,
                    "tags": {
                        "Environment": "Development",
                        "Service": "service_name",
                        "Team": "SRE"
                    },
                    "tags_all": {
                        "Environment": "Development",
                        "Service": "service_name",
                        "Team": "SRE"
                    }
                },
                "after_unknown": {
                    "arn": true,
                    "id": true,
                    "tags": {},
                    "tags_all": {},
                    "unique_id": true
                },
                "before_sensitive": false,
                "after_sensitive": {
                    "tags": {},
                    "tags_all": {}
                }
            }
        },
        {
            "address": "aws_iam_user.dev-user-name[1]",
            "mode": "managed",
            "type": "aws_iam_user",
            "name": "dev-user-name",
            "index": 1,
            "provider_name": "registry.terraform.io/hashicorp/aws",
            "change": {
                "actions": [
                    "create"
                ],
                "before": null,
                "after": {
                    "force_destroy": false,
                    "name": "dev-user-akalanka",
                    "path": "/",
                    "permissions_boundary": null,
                    "tags": {
                        "Environment": "Development",
                        "Service": "service_name",
                        "Team": "SRE"
                    },
                    "tags_all": {
                        "Environment": "Development",
                        "Service": "service_name",
                        "Team": "SRE"
                    }
                },
                "after_unknown": {
                    "arn": true,
                    "id": true,
                    "tags": {},
                    "tags_all": {},
                    "unique_id": true
                },
                "before_sensitive": false,
                "after_sensitive": {
                    "tags": {},
                    "tags_all": {}
                }
            }
        },
        {
            "address": "aws_iam_user.dev-user-name[2]",
            "mode": "managed",
            "type": "aws_iam_user",
            "name": "dev-user-name",
            "index": 2,
            "provider_name": "registry.terraform.io/hashicorp/aws",
            "change": {
                "actions": [
                    "create"
                ],
                "before": null,
                "after": {
                    "force_destroy": false,
                    "name": "dev-user-thuji",
                    "path": "/",
                    "permissions_boundary": null,
                    "tags": {
                        "Environment": "Development",
                        "Service": "service_name",
                        "Team": "SRE"
                    },
                    "tags_all": {
                        "Environment": "Development",
                        "Service": "service_name",
                        "Team": "SRE"
                    }
                },
                "after_unknown": {
                    "arn": true,
                    "id": true,
                    "tags": {},
                    "tags_all": {},
                    "unique_id": true
                },
                "before_sensitive": false,
                "after_sensitive": {
                    "tags": {},
                    "tags_all": {}
                }
            }
        },
        {
            "address": "aws_iam_user.payments-user[0]",
            "mode": "managed",
            "type": "aws_iam_user",
            "name": "payments-user",
            "index": 0,
            "provider_name": "registry.terraform.io/hashicorp/aws",
            "change": {
                "actions": [
                    "create"
                ],
                "before": null,
                "after": {
                    "force_destroy": false,
                    "name": "payments-user-0",
                    "path": "/",
                    "permissions_boundary": null,
                    "tags": null
                },
                "after_unknown": {
                    "arn": true,
                    "id": true,
                    "tags_all": true,
                    "unique_id": true
                },
                "before_sensitive": false,
                "after_sensitive": {
                    "tags_all": {}
                }
            }
        },
        {
            "address": "aws_iam_user.payments-user[1]",
            "mode": "managed",
            "type": "aws_iam_user",
            "name": "payments-user",
            "index": 1,
            "provider_name": "registry.terraform.io/hashicorp/aws",
            "change": {
                "actions": [
                    "create"
                ],
                "before": null,
                "after": {
                    "force_destroy": false,
                    "name": "payments-user-1",
                    "path": "/",
                    "permissions_boundary": null,
                    "tags": null
                },
                "after_unknown": {
                    "arn": true,
                    "id": true,
                    "tags_all": true,
                    "unique_id": true
                },
                "before_sensitive": false,
                "after_sensitive": {
                    "tags_all": {}
                }
            }
        },
        {
            "address": "aws_iam_user.payments-user[2]",
            "mode": "managed",
            "type": "aws_iam_user",
            "name": "payments-user",
            "index": 2,
            "provider_name": "registry.terraform.io/hashicorp/aws",
            "change": {
                "actions": [
                    "create"
                ],
                "before": null,
                "after": {
                    "force_destroy": false,
                    "name": "payments-user-2",
                    "path": "/",
                    "permissions_boundary": null,
                    "tags": null
                },
                "after_unknown": {
                    "arn": true,
                    "id": true,
                    "tags_all": true,
                    "unique_id": true
                },
                "before_sensitive": false,
                "after_sensitive": {
                    "tags_all": {}
                }
            }
        },
        {
            "address": "aws_iam_user_policy.dev-user[0]",
            "mode": "managed",
            "type": "aws_iam_user_policy",
            "name": "dev-user",
            "index": 0,
            "provider_name": "registry.terraform.io/hashicorp/aws",
            "change": {
                "actions": [
                    "create"
                ],
                "before": null,
                "after": {
                    "name": "dev-user-policy",
                    "policy": "{\"Version\":\"2012-10-17\",\"Statement\":[{\"Action\":\"*\",\"Effect\":\"Denied\",\"Resource\":\"*\"},{\"Action\":\"*\",\"Condition\":{\"StringEquals\":{\"iam:role-name\":[\"Role-name-aws\"]}},\"Effect\":\"Allow\",\"Resource\":\"*\"}]}",
                    "user": "iroshan"
                },
                "after_unknown": {
                    "id": true,
                    "name_prefix": true
                },
                "before_sensitive": false,
                "after_sensitive": {}
            }
        },
        {
            "address": "aws_iam_user_policy.dev-user[1]",
            "mode": "managed",
            "type": "aws_iam_user_policy",
            "name": "dev-user",
            "index": 1,
            "provider_name": "registry.terraform.io/hashicorp/aws",
            "change": {
                "actions": [
                    "create"
                ],
                "before": null,
                "after": {
                    "name": "dev-user-policy",
                    "policy": "{\"Version\":\"2012-10-17\",\"Statement\":[{\"Action\":\"*\",\"Effect\":\"Denied\",\"Resource\":\"*\"},{\"Action\":\"*\",\"Condition\":{\"StringEquals\":{\"iam:role-name\":[\"Role-name-aws\"]}},\"Effect\":\"Allow\",\"Resource\":\"*\"}]}",
                    "user": "akalanka"
                },
                "after_unknown": {
                    "id": true,
                    "name_prefix": true
                },
                "before_sensitive": false,
                "after_sensitive": {}
            }
        },
        {
            "address": "aws_iam_user_policy.dev-user[2]",
            "mode": "managed",
            "type": "aws_iam_user_policy",
            "name": "dev-user",
            "index": 2,
            "provider_name": "registry.terraform.io/hashicorp/aws",
            "change": {
                "actions": [
                    "create"
                ],
                "before": null,
                "after": {
                    "name": "dev-user-policy",
                    "policy": "{\"Version\":\"2012-10-17\",\"Statement\":[{\"Action\":\"*\",\"Effect\":\"Denied\",\"Resource\":\"*\"},{\"Action\":\"*\",\"Condition\":{\"StringEquals\":{\"iam:role-name\":[\"Role-name-aws\"]}},\"Effect\":\"Allow\",\"Resource\":\"*\"}]}",
                    "user": "thuji"
                },
                "after_unknown": {
                    "id": true,
                    "name_prefix": true
                },
                "before_sensitive": false,
                "after_sensitive": {}
            }
        },
        {
            "address": "aws_iam_user_policy.dev-user-2[0]",
            "mode": "managed",
            "type": "aws_iam_user_policy",
            "name": "dev-user-2",
            "index": 0,
            "provider_name": "registry.terraform.io/hashicorp/aws",
            "change": {
                "actions": [
                    "create"
                ],
                "before": null,
                "after": {
                    "name": "dev-user-policy-2",
                    "policy": "{\"Version\":\"2012-10-17\",\"Statement\":[{\"Action\":\"*\",\"Effect\":\"Denied\",\"Resource\":\"*\"},{\"Action\":\"*\",\"Condition\":{\"StringEquals\":{\"iam:role-name\":[\"Role-name-aws\"]}},\"Effect\":\"Allow\",\"Resource\":\"*\"}]}",
                    "user": "dev-user-iroshan"
                },
                "after_unknown": {
                    "id": true,
                    "name_prefix": true
                },
                "before_sensitive": false,
                "after_sensitive": {}
            }
        },
        {
            "address": "aws_iam_user_policy.dev-user-2[1]",
            "mode": "managed",
            "type": "aws_iam_user_policy",
            "name": "dev-user-2",
            "index": 1,
            "provider_name": "registry.terraform.io/hashicorp/aws",
            "change": {
                "actions": [
                    "create"
                ],
                "before": null,
                "after": {
                    "name": "dev-user-policy-2",
                    "policy": "{\"Version\":\"2012-10-17\",\"Statement\":[{\"Action\":\"*\",\"Effect\":\"Denied\",\"Resource\":\"*\"},{\"Action\":\"*\",\"Condition\":{\"StringEquals\":{\"iam:role-name\":[\"Role-name-aws\"]}},\"Effect\":\"Allow\",\"Resource\":\"*\"}]}",
                    "user": "dev-user-akalanka"
                },
                "after_unknown": {
                    "id": true,
                    "name_prefix": true
                },
                "before_sensitive": false,
                "after_sensitive": {}
            }
        },
        {
            "address": "aws_iam_user_policy.dev-user-2[2]",
            "mode": "managed",
            "type": "aws_iam_user_policy",
            "name": "dev-user-2",
            "index": 2,
            "provider_name": "registry.terraform.io/hashicorp/aws",
            "change": {
                "actions": [
                    "create"
                ],
                "before": null,
                "after": {
                    "name": "dev-user-policy-2",
                    "policy": "{\"Version\":\"2012-10-17\",\"Statement\":[{\"Action\":\"*\",\"Effect\":\"Denied\",\"Resource\":\"*\"},{\"Action\":\"*\",\"Condition\":{\"StringEquals\":{\"iam:role-name\":[\"Role-name-aws\"]}},\"Effect\":\"Allow\",\"Resource\":\"*\"}]}",
                    "user": "dev-user-thuji"
                },
                "after_unknown": {
                    "id": true,
                    "name_prefix": true
                },
                "before_sensitive": false,
                "after_sensitive": {}
            }
        },
        {
            "address": "aws_security_group.rules_within_vpc",
            "mode": "managed",
            "type": "aws_security_group",
            "name": "rules_within_vpc",
            "provider_name": "registry.terraform.io/hashicorp/aws",
            "change": {
                "actions": [
                    "create"
                ],
                "before": null,
                "after": {
                    "description": "managed security group from terraform",
                    "egress": [
                        {
                            "cidr_blocks": [
                                "0.0.0.0/0"
                            ],
                            "description": "allow_any",
                            "from_port": -1,
                            "ipv6_cidr_blocks": [],
                            "prefix_list_ids": [],
                            "protocol": "-1",
                            "security_groups": [],
                            "self": false,
                            "to_port": -1
                        }
                    ],
                    "ingress": [
                        {
                            "cidr_blocks": [
                                "172.20.192.0/24"
                            ],
                            "description": "",
                            "from_port": 22,
                            "ipv6_cidr_blocks": [],
                            "prefix_list_ids": [],
                            "protocol": "tcp",
                            "security_groups": [],
                            "self": false,
                            "to_port": 22
                        },
                        {
                            "cidr_blocks": [
                                "172.20.192.0/24"
                            ],
                            "description": "",
                            "from_port": 443,
                            "ipv6_cidr_blocks": [],
                            "prefix_list_ids": [],
                            "protocol": "tcp",
                            "security_groups": [],
                            "self": false,
                            "to_port": 443
                        },
                        {
                            "cidr_blocks": [
                                "172.20.192.0/24"
                            ],
                            "description": "",
                            "from_port": 8080,
                            "ipv6_cidr_blocks": [],
                            "prefix_list_ids": [],
                            "protocol": "tcp",
                            "security_groups": [],
                            "self": false,
                            "to_port": 8080
                        },
                        {
                            "cidr_blocks": [
                                "172.20.192.0/24"
                            ],
                            "description": "",
                            "from_port": 8443,
                            "ipv6_cidr_blocks": [],
                            "prefix_list_ids": [],
                            "protocol": "tcp",
                            "security_groups": [],
                            "self": false,
                            "to_port": 8443
                        }
                    ],
                    "name": "terraform-sg",
                    "revoke_rules_on_delete": false,
                    "tags": {
                        "Name": "terraform-sg"
                    },
                    "tags_all": {
                        "Name": "terraform-sg"
                    },
                    "timeouts": null
                },
                "after_unknown": {
                    "arn": true,
                    "egress": [
                        {
                            "cidr_blocks": [
                                false
                            ],
                            "ipv6_cidr_blocks": [],
                            "prefix_list_ids": [],
                            "security_groups": []
                        }
                    ],
                    "id": true,
                    "ingress": [
                        {
                            "cidr_blocks": [
                                false
                            ],
                            "ipv6_cidr_blocks": [],
                            "prefix_list_ids": [],
                            "security_groups": []
                        },
                        {
                            "cidr_blocks": [
                                false
                            ],
                            "ipv6_cidr_blocks": [],
                            "prefix_list_ids": [],
                            "security_groups": []
                        },
                        {
                            "cidr_blocks": [
                                false
                            ],
                            "ipv6_cidr_blocks": [],
                            "prefix_list_ids": [],
                            "security_groups": []
                        },
                        {
                            "cidr_blocks": [
                                false
                            ],
                            "ipv6_cidr_blocks": [],
                            "prefix_list_ids": [],
                            "security_groups": []
                        }
                    ],
                    "name_prefix": true,
                    "owner_id": true,
                    "tags": {},
                    "tags_all": {},
                    "vpc_id": true
                },
                "before_sensitive": false,
                "after_sensitive": {
                    "egress": [
                        {
                            "cidr_blocks": [
                                false
                            ],
                            "ipv6_cidr_blocks": [],
                            "prefix_list_ids": [],
                            "security_groups": []
                        }
                    ],
                    "ingress": [
                        {
                            "cidr_blocks": [
                                false
                            ],
                            "ipv6_cidr_blocks": [],
                            "prefix_list_ids": [],
                            "security_groups": []
                        },
                        {
                            "cidr_blocks": [
                                false
                            ],
                            "ipv6_cidr_blocks": [],
                            "prefix_list_ids": [],
                            "security_groups": []
                        },
                        {
                            "cidr_blocks": [
                                false
                            ],
                            "ipv6_cidr_blocks": [],
                            "prefix_list_ids": [],
                            "security_groups": []
                        },
                        {
                            "cidr_blocks": [
                                false
                            ],
                            "ipv6_cidr_blocks": [],
                            "prefix_list_ids": [],
                            "security_groups": []
                        }
                    ],
                    "tags": {},
                    "tags_all": {}
                }
            }
        },
        {
            "address": "aws_security_group.terraform-sg",
            "mode": "managed",
            "type": "aws_security_group",
            "name": "terraform-sg",
            "provider_name": "registry.terraform.io/hashicorp/aws",
            "change": {
                "actions": [
                    "create"
                ],
                "before": null,
                "after": {
                    "description": "managed security group from terraform",
                    "egress": [
                        {
                            "cidr_blocks": [
                                "0.0.0.0/0"
                            ],
                            "description": "allow_any",
                            "from_port": -1,
                            "ipv6_cidr_blocks": [],
                            "prefix_list_ids": [],
                            "protocol": "-1",
                            "security_groups": [],
                            "self": false,
                            "to_port": -1
                        }
                    ],
                    "ingress": [
                        {
                            "cidr_blocks": [
                                "172.20.192.0/24"
                            ],
                            "description": "allow-app",
                            "from_port": 8080,
                            "ipv6_cidr_blocks": [],
                            "prefix_list_ids": [],
                            "protocol": "tcp",
                            "security_groups": [],
                            "self": false,
                            "to_port": 8080
                        },
                        {
                            "cidr_blocks": [
                                "172.20.192.0/24"
                            ],
                            "description": "allow-https",
                            "from_port": 443,
                            "ipv6_cidr_blocks": [],
                            "prefix_list_ids": [],
                            "protocol": "tcp",
                            "security_groups": [],
                            "self": false,
                            "to_port": 443
                        },
                        {
                            "cidr_blocks": [
                                "172.20.192.0/24"
                            ],
                            "description": "allow-secret-app",
                            "from_port": 8443,
                            "ipv6_cidr_blocks": [],
                            "prefix_list_ids": [],
                            "protocol": "tcp",
                            "security_groups": [],
                            "self": false,
                            "to_port": 8443
                        },
                        {
                            "cidr_blocks": [
                                "172.20.192.0/24"
                            ],
                            "description": "allow-ssh",
                            "from_port": 22,
                            "ipv6_cidr_blocks": [],
                            "prefix_list_ids": [],
                            "protocol": "tcp",
                            "security_groups": [],
                            "self": false,
                            "to_port": 22
                        }
                    ],
                    "name": "terraform-sg",
                    "revoke_rules_on_delete": false,
                    "tags": {
                        "Name": "terraform-sg"
                    },
                    "tags_all": {
                        "Name": "terraform-sg"
                    },
                    "timeouts": null
                },
                "after_unknown": {
                    "arn": true,
                    "egress": [
                        {
                            "cidr_blocks": [
                                false
                            ],
                            "ipv6_cidr_blocks": [],
                            "prefix_list_ids": [],
                            "security_groups": []
                        }
                    ],
                    "id": true,
                    "ingress": [
                        {
                            "cidr_blocks": [
                                false
                            ],
                            "ipv6_cidr_blocks": [],
                            "prefix_list_ids": [],
                            "security_groups": []
                        },
                        {
                            "cidr_blocks": [
                                false
                            ],
                            "ipv6_cidr_blocks": [],
                            "prefix_list_ids": [],
                            "security_groups": []
                        },
                        {
                            "cidr_blocks": [
                                false
                            ],
                            "ipv6_cidr_blocks": [],
                            "prefix_list_ids": [],
                            "security_groups": []
                        },
                        {
                            "cidr_blocks": [
                                false
                            ],
                            "ipv6_cidr_blocks": [],
                            "prefix_list_ids": [],
                            "security_groups": []
                        }
                    ],
                    "name_prefix": true,
                    "owner_id": true,
                    "tags": {},
                    "tags_all": {},
                    "vpc_id": true
                },
                "before_sensitive": false,
                "after_sensitive": {
                    "egress": [
                        {
                            "cidr_blocks": [
                                false
                            ],
                            "ipv6_cidr_blocks": [],
                            "prefix_list_ids": [],
                            "security_groups": []
                        }
                    ],
                    "ingress": [
                        {
                            "cidr_blocks": [
                                false
                            ],
                            "ipv6_cidr_blocks": [],
                            "prefix_list_ids": [],
                            "security_groups": []
                        },
                        {
                            "cidr_blocks": [
                                false
                            ],
                            "ipv6_cidr_blocks": [],
                            "prefix_list_ids": [],
                            "security_groups": []
                        },
                        {
                            "cidr_blocks": [
                                false
                            ],
                            "ipv6_cidr_blocks": [],
                            "prefix_list_ids": [],
                            "security_groups": []
                        },
                        {
                            "cidr_blocks": [
                                false
                            ],
                            "ipv6_cidr_blocks": [],
                            "prefix_list_ids": [],
                            "security_groups": []
                        }
                    ],
                    "tags": {},
                    "tags_all": {}
                }
            }
        },
        {
            "address": "local_file.file_text",
            "mode": "managed",
            "type": "local_file",
            "name": "file_text",
            "provider_name": "registry.terraform.io/hashicorp/local",
            "change": {
                "actions": [
                    "create"
                ],
                "before": null,
                "after": {
                    "content": "Iroshan",
                    "content_base64": null,
                    "directory_permission": "0777",
                    "file_permission": "0777",
                    "filename": "./files/sample.txt",
                    "sensitive_content": null,
                    "source": null
                },
                "after_unknown": {
                    "content_base64sha256": true,
                    "content_base64sha512": true,
                    "content_md5": true,
                    "content_sha1": true,
                    "content_sha256": true,
                    "content_sha512": true,
                    "id": true
                },
                "before_sensitive": false,
                "after_sensitive": {
                    "sensitive_content": true
                }
            }
        }
    ],
    "output_changes": {
        "ami": {
            "actions": [
                "create"
            ],
            "before": null,
            "after": "ami-020916b60b78f7108",
            "after_unknown": false,
            "before_sensitive": false,
            "after_sensitive": false
        },
        "app-port": {
            "actions": [
                "create"
            ],
            "before": null,
            "after": 8080,
            "after_unknown": false,
            "before_sensitive": false,
            "after_sensitive": false
        },
        "dev-user-name": {
            "actions": [
                "create"
            ],
            "before": null,
            "after": [
                null,
                null,
                null
            ],
            "after_unknown": [
                true,
                true,
                true
            ],
            "before_sensitive": false,
            "after_sensitive": false
        },
        "ds_aws_ami": {
            "actions": [
                "create"
            ],
            "before": null,
            "after": "ami-06b7b59d0845e22d8",
            "after_unknown": false,
            "before_sensitive": false,
            "after_sensitive": false
        },
        "ds_file": {
            "actions": [
                "create"
            ],
            "before": null,
            "after": "This is a test file.",
            "after_unknown": false,
            "before_sensitive": false,
            "after_sensitive": false
        },
        "ds_iam_user": {
            "actions": [
                "create"
            ],
            "before": null,
            "after": "arn:aws:iam::541525838917:user/user-iroshan",
            "after_unknown": false,
            "before_sensitive": false,
            "after_sensitive": false
        },
        "ds_vpc": {
            "actions": [
                "create"
            ],
            "before": null,
            "after": "172.31.0.0/16",
            "after_unknown": false,
            "before_sensitive": false,
            "after_sensitive": false
        },
        "env": {
            "actions": [
                "create"
            ],
            "before": null,
            "after": "dev",
            "after_unknown": false,
            "before_sensitive": false,
            "after_sensitive": false
        },
        "instance_properties": {
            "actions": [
                "create"
            ],
            "before": null,
            "after": [
                "var.ami",
                "t2.micro"
            ],
            "after_unknown": false,
            "before_sensitive": false,
            "after_sensitive": false
        },
        "instance_types_regions_list": {
            "actions": [
                "create"
            ],
            "before": null,
            "after": [
                "t3.micro",
                "t3.small",
                "c2.medium"
            ],
            "after_unknown": false,
            "before_sensitive": false,
            "after_sensitive": false
        },
        "instance_types_regions_map": {
            "actions": [
                "create"
            ],
            "before": null,
            "after": {
                "ap-south-1": "t3.small",
                "ap-southeast-1": "m5.large",
                "eu-west-2": "c2.medium",
                "us-east-1": "t3.micro",
                "us-west-1": "t3.small"
            },
            "after_unknown": false,
            "before_sensitive": false,
            "after_sensitive": false
        },
        "public-subnet-1": {
            "actions": [
                "create"
            ],
            "before": null,
            "after": "172.20.192.0/24",
            "after_unknown": false,
            "before_sensitive": false,
            "after_sensitive": false
        },
        "region": {
            "actions": [
                "create"
            ],
            "before": null,
            "after": "ap-south-1",
            "after_unknown": false,
            "before_sensitive": false,
            "after_sensitive": false
        }
    },
    "prior_state": {
        "format_version": "1.0",
        "terraform_version": "1.9.4",
        "values": {
            "outputs": {
                "ami": {
                    "sensitive": false,
                    "value": "ami-020916b60b78f7108",
                    "type": "string"
                },
                "app-port": {
                    "sensitive": false,
                    "value": 8080,
                    "type": "number"
                },
                "ds_aws_ami": {
                    "sensitive": false,
                    "value": "ami-06b7b59d0845e22d8",
                    "type": "string"
                },
                "ds_file": {
                    "sensitive": false,
                    "value": "This is a test file.",
                    "type": "string"
                },
                "ds_iam_user": {
                    "sensitive": false,
                    "value": "arn:aws:iam::541525838917:user/user-iroshan",
                    "type": "string"
                },
                "ds_vpc": {
                    "sensitive": false,
                    "value": "172.31.0.0/16",
                    "type": "string"
                },
                "env": {
                    "sensitive": false,
                    "value": "dev",
                    "type": "string"
                },
                "instance_properties": {
                    "sensitive": false,
                    "value": [
                        "var.ami",
                        "t2.micro"
                    ],
                    "type": [
                        "tuple",
                        [
                            "string",
                            "string"
                        ]
                    ]
                },
                "instance_types_regions_list": {
                    "sensitive": false,
                    "value": [
                        "t3.micro",
                        "t3.small",
                        "c2.medium"
                    ],
                    "type": [
                        "list",
                        "string"
                    ]
                },
                "instance_types_regions_map": {
                    "sensitive": false,
                    "value": {
                        "ap-south-1": "t3.small",
                        "ap-southeast-1": "m5.large",
                        "eu-west-2": "c2.medium",
                        "us-east-1": "t3.micro",
                        "us-west-1": "t3.small"
                    },
                    "type": [
                        "map",
                        "string"
                    ]
                },
                "public-subnet-1": {
                    "sensitive": false,
                    "value": "172.20.192.0/24",
                    "type": "string"
                },
                "region": {
                    "sensitive": false,
                    "value": "ap-south-1",
                    "type": "string"
                }
            },
            "root_module": {
                "resources": [
                    {
                        "address": "data.aws_ami.amazon_linux_latest",
                        "mode": "data",
                        "type": "aws_ami",
                        "name": "amazon_linux_latest",
                        "provider_name": "registry.terraform.io/hashicorp/aws",
                        "schema_version": 0,
                        "values": {
                            "architecture": "arm64",
                            "arn": "arn:aws:ec2:ap-south-1::image/ami-06b7b59d0845e22d8",
                            "block_device_mappings": [
                                {
                                    "device_name": "/dev/xvda",
                                    "ebs": {
                                        "delete_on_termination": "true",
                                        "encrypted": "false",
                                        "iops": "3000",
                                        "snapshot_id": "snap-0466500385b73b226",
                                        "throughput": "125",
                                        "volume_size": "8",
                                        "volume_type": "gp3"
                                    },
                                    "no_device": "",
                                    "virtual_name": ""
                                }
                            ],
                            "boot_mode": "uefi",
                            "creation_date": "2023-08-02T22:30:31.000Z",
                            "deprecation_time": "2025-08-02T22:30:31.000Z",
                            "description": "Amazon Linux 2023 AMI 2023 ARM Support by TC",
                            "ena_support": true,
                            "executable_users": null,
                            "filter": [
                                {
                                    "name": "name",
                                    "values": [
                                        "Amazon Linux 2023*"
                                    ]
                                }
                            ],
                            "hypervisor": "xen",
                            "id": "ami-06b7b59d0845e22d8",
                            "image_id": "ami-06b7b59d0845e22d8",
                            "image_location": "aws-marketplace/Amazon Linux 2023 AMI 2023 ARM Support by TC-35f11dcb-96b0-4cfa-aa7b-68559812647f",
                            "image_owner_alias": "aws-marketplace",
                            "image_type": "machine",
                            "imds_support": "v2.0",
                            "include_deprecated": false,
                            "kernel_id": "",
                            "most_recent": true,
                            "name": "Amazon Linux 2023 AMI 2023 ARM Support by TC-35f11dcb-96b0-4cfa-aa7b-68559812647f",
                            "name_regex": null,
                            "owner_id": "679593333241",
                            "owners": null,
                            "platform": "",
                            "platform_details": "Linux/UNIX",
                            "product_codes": [
                                {
                                    "product_code_id": "36yreqrey7e7zronmmgyy6n3z",
                                    "product_code_type": "marketplace"
                                }
                            ],
                            "public": true,
                            "ramdisk_id": "",
                            "root_device_name": "/dev/xvda",
                            "root_device_type": "ebs",
                            "root_snapshot_id": "snap-0466500385b73b226",
                            "sriov_net_support": "simple",
                            "state": "available",
                            "state_reason": {
                                "code": "UNSET",
                                "message": "UNSET"
                            },
                            "tags": {},
                            "timeouts": null,
                            "tpm_support": "",
                            "usage_operation": "RunInstances",
                            "virtualization_type": "hvm"
                        },
                        "sensitive_values": {
                            "block_device_mappings": [
                                {
                                    "ebs": {}
                                }
                            ],
                            "filter": [
                                {
                                    "values": [
                                        false
                                    ]
                                }
                            ],
                            "product_codes": [
                                {}
                            ],
                            "state_reason": {},
                            "tags": {}
                        }
                    },
                    {
                        "address": "data.aws_iam_user.user-iroshan",
                        "mode": "data",
                        "type": "aws_iam_user",
                        "name": "user-iroshan",
                        "provider_name": "registry.terraform.io/hashicorp/aws",
                        "schema_version": 0,
                        "values": {
                            "arn": "arn:aws:iam::541525838917:user/user-iroshan",
                            "id": "AIDAX4FLURRCZAEGXWDYU",
                            "path": "/",
                            "permissions_boundary": "",
                            "tags": {
                                "AKIAX4FLURRC4NC26O4V": "terraform access key"
                            },
                            "user_id": "AIDAX4FLURRCZAEGXWDYU",
                            "user_name": "user-iroshan"
                        },
                        "sensitive_values": {
                            "tags": {}
                        }
                    },
                    {
                        "address": "data.aws_vpc.default",
                        "mode": "data",
                        "type": "aws_vpc",
                        "name": "default",
                        "provider_name": "registry.terraform.io/hashicorp/aws",
                        "schema_version": 0,
                        "values": {
                            "arn": "arn:aws:ec2:ap-south-1:541525838917:vpc/vpc-0f91adeae5debba6e",
                            "cidr_block": "172.31.0.0/16",
                            "cidr_block_associations": [
                                {
                                    "association_id": "vpc-cidr-assoc-0e5d96bcd97781879",
                                    "cidr_block": "172.31.0.0/16",
                                    "state": "associated"
                                }
                            ],
                            "default": true,
                            "dhcp_options_id": "dopt-03733b4839ace2192",
                            "enable_dns_hostnames": true,
                            "enable_dns_support": true,
                            "enable_network_address_usage_metrics": false,
                            "filter": null,
                            "id": "vpc-0f91adeae5debba6e",
                            "instance_tenancy": "default",
                            "ipv6_association_id": "",
                            "ipv6_cidr_block": "",
                            "main_route_table_id": "rtb-0b6d89b9e3c16c195",
                            "owner_id": "541525838917",
                            "state": null,
                            "tags": {},
                            "timeouts": null
                        },
                        "sensitive_values": {
                            "cidr_block_associations": [
                                {}
                            ],
                            "tags": {}
                        }
                    },
                    {
                        "address": "data.local_file.test",
                        "mode": "data",
                        "type": "local_file",
                        "name": "test",
                        "provider_name": "registry.terraform.io/hashicorp/local",
                        "schema_version": 0,
                        "values": {
                            "content": "This is a test file.",
                            "content_base64": "VGhpcyBpcyBhIHRlc3QgZmlsZS4=",
                            "content_base64sha256": "8pvGSp03MrS5A1El/bMoX1tkVXeO3KckFGceDKOy4N4=",
                            "content_base64sha512": "sd8ha1sF45ZcRpSSdEpd4MlF4LEDxC6x5XR2++2PHUifXK6beS2zfF2CO8DGx9BrBWF21qvlzgdu6trtQU4Xow==",
                            "content_md5": "3de8f8b0dc94b8c2230fab9ec0ba0506",
                            "content_sha1": "26d82f1931cbdbd83c2a6871b2cecd5cbcc8c26b",
                            "content_sha256": "f29bc64a9d3732b4b9035125fdb3285f5b6455778edca72414671e0ca3b2e0de",
                            "content_sha512": "b1df216b5b05e3965c469492744a5de0c945e0b103c42eb1e57476fbed8f1d489f5cae9b792db37c5d823bc0c6c7d06b056176d6abe5ce076eeadaed414e17a3",
                            "filename": "./files/test.txt",
                            "id": "26d82f1931cbdbd83c2a6871b2cecd5cbcc8c26b"
                        },
                        "sensitive_values": {}
                    }
                ]
            }
        }
    },
    "configuration": {
        "provider_config": {
            "aws": {
                "name": "aws",
                "full_name": "registry.terraform.io/hashicorp/aws",
                "expressions": {
                    "region": {
                        "references": [
                            "var.region"
                        ]
                    }
                }
            },
            "local": {
                "name": "local",
                "full_name": "registry.terraform.io/hashicorp/local"
            }
        },
        "root_module": {
            "outputs": {
                "ami": {
                    "expression": {
                        "references": [
                            "var.ami"
                        ]
                    }
                },
                "app-port": {
                    "expression": {
                        "references": [
                            "var.app-port"
                        ]
                    }
                },
                "dev-user-name": {
                    "expression": {
                        "references": [
                            "aws_iam_user.dev-user-name"
                        ]
                    }
                },
                "ds_aws_ami": {
                    "expression": {
                        "references": [
                            "data.aws_ami.amazon_linux_latest.id",
                            "data.aws_ami.amazon_linux_latest"
                        ]
                    }
                },
                "ds_file": {
                    "expression": {
                        "references": [
                            "data.local_file.test.content",
                            "data.local_file.test"
                        ]
                    }
                },
                "ds_iam_user": {
                    "expression": {
                        "references": [
                            "data.aws_iam_user.user-iroshan.arn",
                            "data.aws_iam_user.user-iroshan"
                        ]
                    }
                },
                "ds_vpc": {
                    "expression": {
                        "references": [
                            "data.aws_vpc.default.cidr_block",
                            "data.aws_vpc.default"
                        ]
                    }
                },
                "env": {
                    "expression": {
                        "references": [
                            "var.env"
                        ]
                    }
                },
                "instance_properties": {
                    "expression": {
                        "references": [
                            "var.instance_properties"
                        ]
                    }
                },
                "instance_types_regions_list": {
                    "expression": {
                        "references": [
                            "var.instance_types_regions_list"
                        ]
                    }
                },
                "instance_types_regions_map": {
                    "expression": {
                        "references": [
                            "var.instance_types_regions_map"
                        ]
                    }
                },
                "public-subnet-1": {
                    "expression": {
                        "references": [
                            "var.public-subnet-1"
                        ]
                    }
                },
                "region": {
                    "expression": {
                        "references": [
                            "var.region"
                        ]
                    }
                }
            },
            "resources": [
                {
                    "address": "aws_iam_user.dev-user-id",
                    "mode": "managed",
                    "type": "aws_iam_user",
                    "name": "dev-user-id",
                    "provider_config_key": "aws",
                    "expressions": {
                        "name": {
                            "references": [
                                "var.dev-users",
                                "count.index"
                            ]
                        },
                        "tags": {
                            "references": [
                                "local.dev_tags"
                            ]
                        }
                    },
                    "schema_version": 0,
                    "count_expression": {
                        "references": [
                            "var.dev-users"
                        ]
                    }
                },
                {
                    "address": "aws_iam_user.dev-user-name",
                    "mode": "managed",
                    "type": "aws_iam_user",
                    "name": "dev-user-name",
                    "provider_config_key": "aws",
                    "expressions": {
                        "name": {
                            "references": [
                                "var.dev-users",
                                "count.index"
                            ]
                        },
                        "tags": {
                            "references": [
                                "local.common_tags",
                                "local.dev_tags"
                            ]
                        }
                    },
                    "schema_version": 0,
                    "count_expression": {
                        "references": [
                            "var.dev-users"
                        ]
                    }
                },
                {
                    "address": "aws_iam_user.payments-user",
                    "mode": "managed",
                    "type": "aws_iam_user",
                    "name": "payments-user",
                    "provider_config_key": "aws",
                    "expressions": {
                        "name": {
                            "references": [
                                "count.index"
                            ]
                        }
                    },
                    "schema_version": 0,
                    "count_expression": {
                        "constant_value": 3
                    }
                },
                {
                    "address": "aws_iam_user_policy.dev-user",
                    "mode": "managed",
                    "type": "aws_iam_user_policy",
                    "name": "dev-user",
                    "provider_config_key": "aws",
                    "expressions": {
                        "name": {
                            "constant_value": "dev-user-policy"
                        },
                        "policy": {},
                        "user": {
                            "references": [
                                "var.dev-users",
                                "count.index"
                            ]
                        }
                    },
                    "schema_version": 0,
                    "count_expression": {
                        "references": [
                            "var.dev-users"
                        ]
                    }
                },
                {
                    "address": "aws_iam_user_policy.dev-user-2",
                    "mode": "managed",
                    "type": "aws_iam_user_policy",
                    "name": "dev-user-2",
                    "provider_config_key": "aws",
                    "expressions": {
                        "name": {
                            "constant_value": "dev-user-policy-2"
                        },
                        "policy": {},
                        "user": {
                            "references": [
                                "var.dev-users",
                                "count.index"
                            ]
                        }
                    },
                    "schema_version": 0,
                    "count_expression": {
                        "references": [
                            "var.dev-users"
                        ]
                    }
                },
                {
                    "address": "aws_security_group.rules_within_vpc",
                    "mode": "managed",
                    "type": "aws_security_group",
                    "name": "rules_within_vpc",
                    "provider_config_key": "aws",
                    "expressions": {
                        "description": {
                            "constant_value": "managed security group from terraform"
                        },
                        "egress": {
                            "constant_value": [
                                {
                                    "cidr_blocks": [
                                        "0.0.0.0/0"
                                    ],
                                    "description": "allow_any",
                                    "from_port": -1,
                                    "ipv6_cidr_blocks": null,
                                    "prefix_list_ids": null,
                                    "protocol": "-1",
                                    "security_groups": null,
                                    "self": null,
                                    "to_port": -1
                                }
                            ]
                        },
                        "name": {
                            "constant_value": "terraform-sg"
                        },
                        "tags": {
                            "constant_value": {
                                "Name": "terraform-sg"
                            }
                        }
                    },
                    "schema_version": 1
                },
                {
                    "address": "aws_security_group.terraform-sg",
                    "mode": "managed",
                    "type": "aws_security_group",
                    "name": "terraform-sg",
                    "provider_config_key": "aws",
                    "expressions": {
                        "description": {
                            "constant_value": "managed security group from terraform"
                        },
                        "egress": {
                            "constant_value": [
                                {
                                    "cidr_blocks": [
                                        "0.0.0.0/0"
                                    ],
                                    "description": "allow_any",
                                    "from_port": -1,
                                    "ipv6_cidr_blocks": null,
                                    "prefix_list_ids": null,
                                    "protocol": "-1",
                                    "security_groups": null,
                                    "self": null,
                                    "to_port": -1
                                }
                            ]
                        },
                        "ingress": {
                            "constant_value": [
                                {
                                    "cidr_blocks": [
                                        "172.20.192.0/24"
                                    ],
                                    "description": "allow-ssh",
                                    "from_port": 22,
                                    "ipv6_cidr_blocks": null,
                                    "prefix_list_ids": null,
                                    "protocol": "tcp",
                                    "security_groups": null,
                                    "self": null,
                                    "to_port": 22
                                },
                                {
                                    "cidr_blocks": [
                                        "172.20.192.0/24"
                                    ],
                                    "description": "allow-https",
                                    "from_port": 443,
                                    "ipv6_cidr_blocks": null,
                                    "prefix_list_ids": null,
                                    "protocol": "tcp",
                                    "security_groups": null,
                                    "self": null,
                                    "to_port": 443
                                },
                                {
                                    "cidr_blocks": [
                                        "172.20.192.0/24"
                                    ],
                                    "description": "allow-app",
                                    "from_port": 8080,
                                    "ipv6_cidr_blocks": null,
                                    "prefix_list_ids": null,
                                    "protocol": "tcp",
                                    "security_groups": null,
                                    "self": null,
                                    "to_port": 8080
                                },
                                {
                                    "cidr_blocks": [
                                        "172.20.192.0/24"
                                    ],
                                    "description": "allow-secret-app",
                                    "from_port": 8443,
                                    "ipv6_cidr_blocks": null,
                                    "prefix_list_ids": null,
                                    "protocol": "tcp",
                                    "security_groups": null,
                                    "self": null,
                                    "to_port": 8443
                                }
                            ]
                        },
                        "name": {
                            "constant_value": "terraform-sg"
                        },
                        "tags": {
                            "constant_value": {
                                "Name": "terraform-sg"
                            }
                        }
                    },
                    "schema_version": 1
                },
                {
                    "address": "local_file.file_text",
                    "mode": "managed",
                    "type": "local_file",
                    "name": "file_text",
                    "provider_config_key": "local",
                    "expressions": {
                        "content": {
                            "constant_value": "Iroshan"
                        },
                        "filename": {
                            "constant_value": "./files/sample.txt"
                        }
                    },
                    "schema_version": 0
                },
                {
                    "address": "data.aws_ami.amazon_linux_latest",
                    "mode": "data",
                    "type": "aws_ami",
                    "name": "amazon_linux_latest",
                    "provider_config_key": "aws",
                    "expressions": {
                        "filter": [
                            {
                                "name": {
                                    "constant_value": "name"
                                },
                                "values": {
                                    "constant_value": [
                                        "Amazon Linux 2023*"
                                    ]
                                }
                            }
                        ],
                        "most_recent": {
                            "constant_value": true
                        }
                    },
                    "schema_version": 0
                },
                {
                    "address": "data.aws_iam_user.user-iroshan",
                    "mode": "data",
                    "type": "aws_iam_user",
                    "name": "user-iroshan",
                    "provider_config_key": "aws",
                    "expressions": {
                        "user_name": {
                            "constant_value": "user-iroshan"
                        }
                    },
                    "schema_version": 0
                },
                {
                    "address": "data.aws_vpc.default",
                    "mode": "data",
                    "type": "aws_vpc",
                    "name": "default",
                    "provider_config_key": "aws",
                    "expressions": {
                        "default": {
                            "constant_value": true
                        }
                    },
                    "schema_version": 0
                },
                {
                    "address": "data.local_file.test",
                    "mode": "data",
                    "type": "local_file",
                    "name": "test",
                    "provider_config_key": "local",
                    "expressions": {
                        "filename": {
                            "references": [
                                "path.module"
                            ]
                        }
                    },
                    "schema_version": 0
                }
            ],
            "variables": {
                "ami": {
                    "description": "AWS Machine Image"
                },
                "app-port": {
                    "default": 8080
                },
                "dev-users": {
                    "default": [
                        "iroshan",
                        "akalanka",
                        "thuji"
                    ]
                },
                "env": {
                    "default": "dev"
                },
                "instance_properties": {
                    "default": [
                        "var.ami",
                        "t2.micro"
                    ],
                    "description": "ami \u0026 ec2 type"
                },
                "instance_type": {
                    "default": "t2.micro",
                    "description": "AWS instance type"
                },
                "instance_types_regions_list": {
                    "default": [
                        "t3.micro",
                        "t3.small",
                        "c2.medium"
                    ]
                },
                "instance_types_regions_map": {
                    "default": {
                        "ap-south-1": "t3.small",
                        "ap-southeast-1": "m5.large",
                        "eu-west-2": "c2.medium",
                        "us-east-1": "t3.micro",
                        "us-west-1": "t3.small"
                    }
                },
                "public-subnet-1": {},
                "region": {
                    "description": "The AWS region"
                },
                "region_list": {
                    "default": [
                        "ap-south-1a",
                        "ap-south-1b"
                    ],
                    "description": "AWS availability zones"
                },
                "sg_ports_vpc": {
                    "default": [
                        22,
                        443,
                        8080,
                        8443
                    ],
                    "description": "list of ports to be open within vpc"
                },
                "tags": {
                    "default": {
                        "Environment": "Development"
                    }
                },
                "token": {
                    "default": "GITHUB_TOKEN",
                    "description": "github token"
                },
                "vpc-ip": {
                    "description": "vpc cidr range"
                }
            }
        }
    },
    "relevant_attributes": [
        {
            "resource": "data.aws_iam_user.user-iroshan",
            "attribute": [
                "arn"
            ]
        },
        {
            "resource": "data.aws_vpc.default",
            "attribute": [
                "cidr_block"
            ]
        },
        {
            "resource": "data.local_file.test",
            "attribute": [
                "content"
            ]
        },
        {
            "resource": "aws_iam_user.dev-user-name",
            "attribute": []
        },
        {
            "resource": "data.aws_ami.amazon_linux_latest",
            "attribute": [
                "id"
            ]
        }
    ],
    "timestamp": "2024-09-08T06:57:43Z",
    "applyable": true,
    "complete": true,
    "errored": false
}